
Microsoft Visual Studio Solution File, Format Version 12.00
# Visual Studio Version 17
VisualStudioVersion = 17.3.32929.385
MinimumVisualStudioVersion = 10.0.40219.1
Project("{9A19103F-16F7-4668-BE54-9A1E7A4F7556}") = "EFCORE6.DatabaseFirst", "EFCORE6.DatabaseFirst\EFCORE6.DatabaseFirst.csproj", "{EC32BFD6-5930-44E7-93B1-596530F17FFE}"
EndProject
Project("{9A19103F-16F7-4668-BE54-9A1E7A4F7556}") = "EFCORE6.CodeFirst", "EFCORE6.CodeFirst\EFCORE6.CodeFirst.csproj", "{7788F9F3-99BE-4E08-84B0-98663C366368}"
EndProject
Project("{FAE04EC0-301F-11D3-BF4B-00C04F79EFBC}") = "Concurrency.Web", "Concurrency.Web\Concurrency.Web.csproj", "{A9423D64-A8D8-40AF-B89D-1619DB9B88EB}"
EndProject
Global
	GlobalSection(SolutionConfigurationPlatforms) = preSolution
		Debug|Any CPU = Debug|Any CPU
		Release|Any CPU = Release|Any CPU
	EndGlobalSection
	GlobalSection(ProjectConfigurationPlatforms) = postSolution
		{EC32BFD6-5930-44E7-93B1-596530F17FFE}.Debug|Any CPU.ActiveCfg = Debug|Any CPU
		{EC32BFD6-5930-44E7-93B1-596530F17FFE}.Debug|Any CPU.Build.0 = Debug|Any CPU
		{EC32BFD6-5930-44E7-93B1-596530F17FFE}.Release|Any CPU.ActiveCfg = Release|Any CPU
		{EC32BFD6-5930-44E7-93B1-596530F17FFE}.Release|Any CPU.Build.0 = Release|Any CPU
		{7788F9F3-99BE-4E08-84B0-98663C366368}.Debug|Any CPU.ActiveCfg = Debug|Any CPU
		{7788F9F3-99BE-4E08-84B0-98663C366368}.Debug|Any CPU.Build.0 = Debug|Any CPU
		{7788F9F3-99BE-4E08-84B0-98663C366368}.Release|Any CPU.ActiveCfg = Release|Any CPU
		{7788F9F3-99BE-4E08-84B0-98663C366368}.Release|Any CPU.Build.0 = Release|Any CPU
		{A9423D64-A8D8-40AF-B89D-1619DB9B88EB}.Debug|Any CPU.ActiveCfg = Debug|Any CPU
		{A9423D64-A8D8-40AF-B89D-1619DB9B88EB}.Debug|Any CPU.Build.0 = Debug|Any CPU
		{A9423D64-A8D8-40AF-B89D-1619DB9B88EB}.Release|Any CPU.ActiveCfg = Release|Any CPU
		{A9423D64-A8D8-40AF-B89D-1619DB9B88EB}.Release|Any CPU.Build.0 = Release|Any CPU
	EndGlobalSection
	GlobalSection(SolutionProperties) = preSolution
		HideSolutionNode = FALSE
	EndGlobalSection
	GlobalSection(ExtensibilityGlobals) = postSolution
		SolutionGuid = {F39CE5B7-21C9-4100-B1AD-BE23EEF14115}
	EndGlobalSection
EndGlobal
